
Microsoft Visual Studio Solution File, Format Version 12.00
# Visual Studio Version 17
VisualStudioVersion = 17.5.33530.505
MinimumVisualStudioVersion = 10.0.40219.1
Project("{FAE04EC0-301F-11D3-BF4B-00C04F79EFBC}") = "Markov", "Markov\Markov.csproj", "{2B7C7D53-1B76-468A-A7BD-387DEC9AFAA9}"
EndProject
Global
	GlobalSection(SolutionConfigurationPlatforms) = preSolution
		Debug|Any CPU = Debug|Any CPU
		Release|Any CPU = Release|Any CPU
	EndGlobalSection
	GlobalSection(ProjectConfigurationPlatforms) = postSolution
		{2B7C7D53-1B76-468A-A7BD-387DEC9AFAA9}.Debug|Any CPU.ActiveCfg = Debug|Any CPU
		{2B7C7D53-1B76-468A-A7BD-387DEC9AFAA9}.Debug|Any CPU.Build.0 = Debug|Any CPU
		{2B7C7D53-1B76-468A-A7BD-387DEC9AFAA9}.Release|Any CPU.ActiveCfg = Release|Any CPU
		{2B7C7D53-1B76-468A-A7BD-387DEC9AFAA9}.Release|Any CPU.Build.0 = Release|Any CPU
	EndGlobalSection
	GlobalSection(SolutionProperties) = preSolution
		HideSolutionNode = FALSE
	EndGlobalSection
	GlobalSection(ExtensibilityGlobals) = postSolution
		SolutionGuid = {4A640347-DC21-4F29-9071-675484FC9C8D}
	EndGlobalSection
EndGlobal
